
Microsoft Visual Studio Solution File, Format Version 12.00
# Visual Studio Version 17
VisualStudioVersion = 17.10.35027.167
MinimumVisualStudioVersion = 10.0.40219.1
Project("{9A19103F-16F7-4668-BE54-9A1E7A4F7556}") = "Calculator", "Calculator.csproj", "{D7F3820F-37B1-4220-B1ED-E0016FD15355}"
EndProject
Project("{9A19103F-16F7-4668-BE54-9A1E7A4F7556}") = "Calculator.Core", "..\Calculation\Calculator.Core.csproj", "{A3C1308A-1055-4023-9AA9-3C2B05AC4D5C}"
EndProject
Global
	GlobalSection(SolutionConfigurationPlatforms) = preSolution
		Debug|Any CPU = Debug|Any CPU
		Release|Any CPU = Release|Any CPU
	EndGlobalSection
	GlobalSection(ProjectConfigurationPlatforms) = postSolution
		{D7F3820F-37B1-4220-B1ED-E0016FD15355}.Debug|Any CPU.ActiveCfg = Debug|Any CPU
		{D7F3820F-37B1-4220-B1ED-E0016FD15355}.Debug|Any CPU.Build.0 = Debug|Any CPU
		{D7F3820F-37B1-4220-B1ED-E0016FD15355}.Release|Any CPU.ActiveCfg = Release|Any CPU
		{D7F3820F-37B1-4220-B1ED-E0016FD15355}.Release|Any CPU.Build.0 = Release|Any CPU
		{A3C1308A-1055-4023-9AA9-3C2B05AC4D5C}.Debug|Any CPU.ActiveCfg = Debug|Any CPU
		{A3C1308A-1055-4023-9AA9-3C2B05AC4D5C}.Debug|Any CPU.Build.0 = Debug|Any CPU
		{A3C1308A-1055-4023-9AA9-3C2B05AC4D5C}.Release|Any CPU.ActiveCfg = Release|Any CPU
		{A3C1308A-1055-4023-9AA9-3C2B05AC4D5C}.Release|Any CPU.Build.0 = Release|Any CPU
	EndGlobalSection
	GlobalSection(SolutionProperties) = preSolution
		HideSolutionNode = FALSE
	EndGlobalSection
	GlobalSection(ExtensibilityGlobals) = postSolution
		SolutionGuid = {2F5DFDFD-A0C1-4C3A-A7C6-63C52EB948E9}
	EndGlobalSection
EndGlobal
